<?xml version="1.0" encoding="utf-8"?>
<Project ToolsVersion="4.0" xmlns="http://schemas.microsoft.com/developer/msbuild/2003">
  <ItemGroup>
    <Filter Include="소스 파일">
      <UniqueIdentifier>{4FC737F1-C7A5-4376-A066-2A32D752A2FF}</UniqueIdentifier>
      <Extensions>cpp;c;cc;cxx;def;odl;idl;hpj;bat;asm;asmx</Extensions>
    </Filter>
    <Filter Include="헤더 파일">
      <UniqueIdentifier>{93995380-89BD-4b04-88EB-625FBE52EBFB}</UniqueIdentifier>
      <Extensions>h;hh;hpp;hxx;hm;inl;inc;xsd</Extensions>
    </Filter>
    <Filter Include="리소스 파일">
      <UniqueIdentifier>{67DA6AB6-F800-4c08-8B7A-83BB121AAD01}</UniqueIdentifier>
      <Extensions>rc;ico;cur;bmp;dlg;rc2;rct;bin;rgs;gif;jpg;jpeg;jpe;resx;tiff;tif;png;wav;mfcribbon-ms</Extensions>
    </Filter>
    <Filter Include="소스 파일\Visualization">
      <UniqueIdentifier>{108f1b52-4ff3-458f-b547-84fe42be6e5b}</UniqueIdentifier>
    </Filter>
    <Filter Include="헤더 파일\Visualization">
      <UniqueIdentifier>{cfca31f8-1616-48df-982f-acc97f38337e}</UniqueIdentifier>
    </Filter>
  </ItemGroup>
  <ItemGroup>
    <ClCompile Include="Demo.cpp">
      <Filter>소스 파일</Filter>
    </ClCompile>
    <ClCompile Include="Visualization\Camera.cpp">
      <Filter>소스 파일\Visualization</Filter>
    </ClCompile>
    <ClCompile Include="Visualization\MiniGL.cpp">
      <Filter>소스 파일\Visualization</Filter>
    </ClCompile>
    <ClCompile Include="Visualization\Shader.cpp">
      <Filter>소스 파일\Visualization</Filter>
    </ClCompile>
    <ClCompile Include="PrimitiveBuffer.cpp">
      <Filter>소스 파일\Visualization</Filter>
    </ClCompile>
  </ItemGroup>
  <ItemGroup>
    <ClInclude Include="Visualization\Camera.h">
      <Filter>헤더 파일\Visualization</Filter>
    </ClInclude>
    <ClInclude Include="Visualization\MiniGL.h">
      <Filter>헤더 파일\Visualization</Filter>
    </ClInclude>
    <ClInclude Include="Visualization\Selection.h">
      <Filter>헤더 파일\Visualization</Filter>
    </ClInclude>
    <ClInclude Include="Visualization\Shader.h">
      <Filter>헤더 파일\Visualization</Filter>
    </ClInclude>
    <ClInclude Include="Visualization\Visualization.h">
      <Filter>헤더 파일\Visualization</Filter>
    </ClInclude>
    <ClInclude Include="PrimitiveBuffer.h">
      <Filter>헤더 파일\Visualization</Filter>
    </ClInclude>
  </ItemGroup>
</Project>